// !$*UTF8*$!
{
	archiveVersion = 1;
	classes = {
	};
	objectVersion = 46;
	objects = {

/* Begin PBXBuildFile section */
		4B5B18B31F3BFEFD00733582 /* AppDelegate.swift in Sources */ = {isa = PBXBuildFile; fileRef = 4B5B18B21F3BFEFD00733582 /* AppDelegate.swift */; };
		4B5B18B51F3BFEFD00733582 /* ViewController.swift in Sources */ = {isa = PBXBuildFile; fileRef = 4B5B18B41F3BFEFD00733582 /* ViewController.swift */; };
		4B5B18B81F3BFEFD00733582 /* Main.storyboard in Resources */ = {isa = PBXBuildFile; fileRef = 4B5B18B61F3BFEFD00733582 /* Main.storyboard */; };
		4B5B18BA1F3BFEFD00733582 /* Assets.xcassets in Resources */ = {isa = PBXBuildFile; fileRef = 4B5B18B91F3BFEFD00733582 /* Assets.xcassets */; };
		4B5B18BD1F3BFEFD00733582 /* LaunchScreen.storyboard in Resources */ = {isa = PBXBuildFile; fileRef = 4B5B18BB1F3BFEFD00733582 /* LaunchScreen.storyboard */; };
		4B9E8BFC1F430F5F0032BE63 /* main.jsbundle in Resources */ = {isa = PBXBuildFile; fileRef = 4B9E8BFB1F430F4C0032BE63 /* main.jsbundle */; };
		4B9E8BFD1F430F5F0032BE63 /* main.jsbundle.meta in Resources */ = {isa = PBXBuildFile; fileRef = 4B9E8BFA1F430F4C0032BE63 /* main.jsbundle.meta */; };
		7F8920C333E23A33E932F57E /* Pods_AwesomeWeatheriOS.framework in Frameworks */ = {isa = PBXBuildFile; fileRef = E2E92FF49FC877346690438E /* Pods_AwesomeWeatheriOS.framework */; };
/* End PBXBuildFile section */

/* Begin PBXFileReference section */
		4B5B18AF1F3BFEFD00733582 /* AwesomeWeatheriOS.app */ = {isa = PBXFileReference; explicitFileType = wrapper.application; includeInIndex = 0; path = AwesomeWeatheriOS.app; sourceTree = BUILT_PRODUCTS_DIR; };
		4B5B18B21F3BFEFD00733582 /* AppDelegate.swift */ = {isa = PBXFileReference; lastKnownFileType = sourcecode.swift; path = AppDelegate.swift; sourceTree = "<group>"; };
		4B5B18B41F3BFEFD00733582 /* ViewController.swift */ = {isa = PBXFileReference; lastKnownFileType = sourcecode.swift; path = ViewController.swift; sourceTree = "<group>"; };
		4B5B18B71F3BFEFD00733582 /* Base */ = {isa = PBXFileReference; lastKnownFileType = file.storyboard; name = Base; path = Base.lproj/Main.storyboard; sourceTree = "<group>"; };
		4B5B18B91F3BFEFD00733582 /* Assets.xcassets */ = {isa = PBXFileReference; lastKnownFileType = folder.assetcatalog; path = Assets.xcassets; sourceTree = "<group>"; };
		4B5B18BC1F3BFEFD00733582 /* Base */ = {isa = PBXFileReference; lastKnownFileType = file.storyboard; name = Base; path = Base.lproj/LaunchScreen.storyboard; sourceTree = "<group>"; };
		4B5B18BE1F3BFEFD00733582 /* Info.plist */ = {isa = PBXFileReference; lastKnownFileType = text.plist.xml; path = Info.plist; sourceTree = "<group>"; };
		4B9E8BFA1F430F4C0032BE63 /* main.jsbundle.meta */ = {isa = PBXFileReference; lastKnownFileType = file; path = main.jsbundle.meta; sourceTree = "<group>"; };
		4B9E8BFB1F430F4C0032BE63 /* main.jsbundle */ = {isa = PBXFileReference; lastKnownFileType = text; path = main.jsbundle; sourceTree = "<group>"; };
		BB46CBB41101E964AE9D1E82 /* Pods-AwesomeWeatheriOS.debug.xcconfig */ = {isa = PBXFileReference; includeInIndex = 1; lastKnownFileType = text.xcconfig; name = "Pods-AwesomeWeatheriOS.debug.xcconfig"; path = "Pods/Target Support Files/Pods-AwesomeWeatheriOS/Pods-AwesomeWeatheriOS.debug.xcconfig"; sourceTree = "<group>"; };
		E2E92FF49FC877346690438E /* Pods_AwesomeWeatheriOS.framework */ = {isa = PBXFileReference; explicitFileType = wrapper.framework; includeInIndex = 0; path = Pods_AwesomeWeatheriOS.framework; sourceTree = BUILT_PRODUCTS_DIR; };
		E4489FD403CDEAE9B6D47A7F /* Pods-AwesomeWeatheriOS.release.xcconfig */ = {isa = PBXFileReference; includeInIndex = 1; lastKnownFileType = text.xcconfig; name = "Pods-AwesomeWeatheriOS.release.xcconfig"; path = "Pods/Target Support Files/Pods-AwesomeWeatheriOS/Pods-AwesomeWeatheriOS.release.xcconfig"; sourceTree = "<group>"; };
/* End PBXFileReference section */

/* Begin PBXFrameworksBuildPhase section */
		4B5B18AC1F3BFEFD00733582 /* Frameworks */ = {
			isa = PBXFrameworksBuildPhase;
			buildActionMask = 2147483647;
			files = (
				7F8920C333E23A33E932F57E /* Pods_AwesomeWeatheriOS.framework in Frameworks */,
			);
			runOnlyForDeploymentPostprocessing = 0;
		};
/* End PBXFrameworksBuildPhase section */

/* Begin PBXGroup section */
		2929EF3ECE8A718D414D083F /* Frameworks */ = {
			isa = PBXGroup;
			children = (
				E2E92FF49FC877346690438E /* Pods_AwesomeWeatheriOS.framework */,
			);
			name = Frameworks;
			sourceTree = "<group>";
		};
		4B5B18A61F3BFEFD00733582 = {
			isa = PBXGroup;
			children = (
				4B5B18B11F3BFEFD00733582 /* AwesomeWeatheriOS */,
				4B5B18B01F3BFEFD00733582 /* Products */,
				4E70DCA6DAA998FD6B4F66BE /* Pods */,
				2929EF3ECE8A718D414D083F /* Frameworks */,
			);
			sourceTree = "<group>";
		};
		4B5B18B01F3BFEFD00733582 /* Products */ = {
			isa = PBXGroup;
			children = (
				4B5B18AF1F3BFEFD00733582 /* AwesomeWeatheriOS.app */,
			);
			name = Products;
			sourceTree = "<group>";
		};
		4B5B18B11F3BFEFD00733582 /* AwesomeWeatheriOS */ = {
			isa = PBXGroup;
			children = (
				4B9E8BFB1F430F4C0032BE63 /* main.jsbundle */,
				4B9E8BFA1F430F4C0032BE63 /* main.jsbundle.meta */,
				4B5B18B21F3BFEFD00733582 /* AppDelegate.swift */,
				4B5B18B41F3BFEFD00733582 /* ViewController.swift */,
				4B5B18B61F3BFEFD00733582 /* Main.storyboard */,
				4B5B18B91F3BFEFD00733582 /* Assets.xcassets */,
				4B5B18BB1F3BFEFD00733582 /* LaunchScreen.storyboard */,
				4B5B18BE1F3BFEFD00733582 /* Info.plist */,
			);
			path = AwesomeWeatheriOS;
			sourceTree = "<group>";
		};
		4E70DCA6DAA998FD6B4F66BE /* Pods */ = {
			isa = PBXGroup;
			children = (
				BB46CBB41101E964AE9D1E82 /* Pods-AwesomeWeatheriOS.debug.xcconfig */,
				E4489FD403CDEAE9B6D47A7F /* Pods-AwesomeWeatheriOS.release.xcconfig */,
			);
			name = Pods;
			sourceTree = "<group>";
		};
/* End PBXGroup section */

/* Begin PBXNativeTarget section */
		4B5B18AE1F3BFEFD00733582 /* AwesomeWeatheriOS */ = {
			isa = PBXNativeTarget;
			buildConfigurationList = 4B5B18C11F3BFEFD00733582 /* Build configuration list for PBXNativeTarget "AwesomeWeatheriOS" */;
			buildPhases = (
				17158CBECAEB49F27637D648 /* [CP] Check Pods Manifest.lock */,
				4B5B18AB1F3BFEFD00733582 /* Sources */,
				4B5B18AC1F3BFEFD00733582 /* Frameworks */,
				4B5B18AD1F3BFEFD00733582 /* Resources */,
				B1AD343E0028A58D5A84B491 /* [CP] Embed Pods Frameworks */,
				3B28ACD495D5DA7012313A07 /* [CP] Copy Pods Resources */,
			);
			buildRules = (
			);
			dependencies = (
			);
			name = AwesomeWeatheriOS;
			productName = AwesomeWeatheriOS;
			productReference = 4B5B18AF1F3BFEFD00733582 /* AwesomeWeatheriOS.app */;
			productType = "com.apple.product-type.application";
		};
/* End PBXNativeTarget section */

/* Begin PBXProject section */
		4B5B18A71F3BFEFD00733582 /* Project object */ = {
			isa = PBXProject;
			attributes = {
				LastSwiftUpdateCheck = 0830;
				LastUpgradeCheck = 0830;
				ORGANIZATIONNAME = "Yin Xiaoyu";
				TargetAttributes = {
					4B5B18AE1F3BFEFD00733582 = {
						CreatedOnToolsVersion = 8.3.3;
						DevelopmentTeam = 72Q6E7W24X;
						ProvisioningStyle = Automatic;
					};
				};
			};
			buildConfigurationList = 4B5B18AA1F3BFEFD00733582 /* Build configuration list for PBXProject "AwesomeWeatheriOS" */;
			compatibilityVersion = "Xcode 3.2";
			developmentRegion = English;
			hasScannedForEncodings = 0;
			knownRegions = (
				en,
				Base,
			);
			mainGroup = 4B5B18A61F3BFEFD00733582;
			productRefGroup = 4B5B18B01F3BFEFD00733582 /* Products */;
			projectDirPath = "";
			projectRoot = "";
			targets = (
				4B5B18AE1F3BFEFD00733582 /* AwesomeWeatheriOS */,
			);
		};
/* End PBXProject section */

/* Begin PBXResourcesBuildPhase section */
		4B5B18AD1F3BFEFD00733582 /* Resources */ = {
			isa = PBXResourcesBuildPhase;
			buildActionMask = 2147483647;
			files = (
				4B9E8BFC1F430F5F0032BE63 /* main.jsbundle in Resources */,
				4B9E8BFD1F430F5F0032BE63 /* main.jsbundle.meta in Resources */,
				4B5B18BD1F3BFEFD00733582 /* LaunchScreen.storyboard in Resources */,
				4B5B18BA1F3BFEFD00733582 /* Assets.xcassets in Resources */,
				4B5B18B81F3BFEFD00733582 /* Main.storyboard in Resources */,
			);
			runOnlyForDeploymentPostprocessing = 0;
		};
/* End PBXResourcesBuildPhase section */

/* Begin PBXShellScriptBuildPhase section */
		17158CBECAEB49F27637D648 /* [CP] Check Pods Manifest.lock */ = {
			isa = PBXShellScriptBuildPhase;
			buildActionMask = 2147483647;
			files = (
			);
			inputPaths = (
				"${PODS_PODFILE_DIR_PATH}/Podfile.lock",
				"${PODS_ROOT}/Manifest.lock",
			);
			name = "[CP] Check Pods Manifest.lock";
			outputPaths = (
				"$(DERIVED_FILE_DIR)/Pods-AwesomeWeatheriOS-checkManifestLockResult.txt",
			);
			runOnlyForDeploymentPostprocessing = 0;
			shellPath = /bin/sh;
			shellScript = "diff \"${PODS_PODFILE_DIR_PATH}/Podfile.lock\" \"${PODS_ROOT}/Manifest.lock\" > /dev/null\nif [ $? != 0 ] ; then\n    # print error to STDERR\n    echo \"error: The sandbox is not in sync with the Podfile.lock. Run 'pod install' or update your CocoaPods installation.\" >&2\n    exit 1\nfi\n# This output is used by Xcode 'outputs' to avoid re-running this script phase.\necho \"SUCCESS\" > \"${SCRIPT_OUTPUT_FILE_0}\"\n";
			showEnvVarsInLog = 0;
		};
		3B28ACD495D5DA7012313A07 /* [CP] Copy Pods Resources */ = {
			isa = PBXShellScriptBuildPhase;
			buildActionMask = 2147483647;
			files = (
			);
			inputPaths = (
			);
			name = "[CP] Copy Pods Resources";
			outputPaths = (
			);
			runOnlyForDeploymentPostprocessing = 0;
			shellPath = /bin/sh;
			shellScript = "\"${SRCROOT}/Pods/Target Support Files/Pods-AwesomeWeatheriOS/Pods-AwesomeWeatheriOS-resources.sh\"\n";
			showEnvVarsInLog = 0;
		};
		B1AD343E0028A58D5A84B491 /* [CP] Embed Pods Frameworks */ = {
			isa = PBXShellScriptBuildPhase;
			buildActionMask = 2147483647;
			files = (
			);
			inputPaths = (
				"${SRCROOT}/Pods/Target Support Files/Pods-AwesomeWeatheriOS/Pods-AwesomeWeatheriOS-frameworks.sh",
				"${BUILT_PRODUCTS_DIR}/DoubleConversion/DoubleConversion.framework",
				"${BUILT_PRODUCTS_DIR}/Folly/folly.framework",
				"${BUILT_PRODUCTS_DIR}/GLog/glog.framework",
				"${BUILT_PRODUCTS_DIR}/React/React.framework",
				"${BUILT_PRODUCTS_DIR}/Yoga/yoga.framework",
			);
			name = "[CP] Embed Pods Frameworks";
			outputPaths = (
				"${TARGET_BUILD_DIR}/${FRAMEWORKS_FOLDER_PATH}/DoubleConversion.framework",
				"${TARGET_BUILD_DIR}/${FRAMEWORKS_FOLDER_PATH}/folly.framework",
				"${TARGET_BUILD_DIR}/${FRAMEWORKS_FOLDER_PATH}/glog.framework",
				"${TARGET_BUILD_DIR}/${FRAMEWORKS_FOLDER_PATH}/React.framework",
				"${TARGET_BUILD_DIR}/${FRAMEWORKS_FOLDER_PATH}/yoga.framework",
			);
			runOnlyForDeploymentPostprocessing = 0;
			shellPath = /bin/sh;
			shellScript = "\"${SRCROOT}/Pods/Target Support Files/Pods-AwesomeWeatheriOS/Pods-AwesomeWeatheriOS-frameworks.sh\"\n";
			showEnvVarsInLog = 0;
		};
/* End PBXShellScriptBuildPhase section */

/* Begin PBXSourcesBuildPhase section */
		4B5B18AB1F3BFEFD00733582 /* Sources */ = {
			isa = PBXSourcesBuildPhase;
			buildActionMask = 2147483647;
			files = (
				4B5B18B51F3BFEFD00733582 /* ViewController.swift in Sources */,
				4B5B18B31F3BFEFD00733582 /* AppDelegate.swift in Sources */,
			);
			runOnlyForDeploymentPostprocessing = 0;
		};
/* End PBXSourcesBuildPhase section */

/* Begin PBXVariantGroup section */
		4B5B18B61F3BFEFD00733582 /* Main.storyboard */ = {
			isa = PBXVariantGroup;
			children = (
				4B5B18B71F3BFEFD00733582 /* Base */,
			);
			name = Main.storyboard;
			sourceTree = "<group>";
		};
		4B5B18BB1F3BFEFD00733582 /* LaunchScreen.storyboard */ = {
			isa = PBXVariantGroup;
			children = (
				4B5B18BC1F3BFEFD00733582 /* Base */,
			);
			name = LaunchScreen.storyboard;
			sourceTree = "<group>";
		};
/* End PBXVariantGroup section */

/* Begin XCBuildConfiguration section */
		4B5B18BF1F3BFEFD00733582 /* Debug */ = {
			isa = XCBuildConfiguration;
			buildSettings = {
				ALWAYS_SEARCH_USER_PATHS = NO;
				CLANG_ANALYZER_NONNULL = YES;
				CLANG_ANALYZER_NUMBER_OBJECT_CONVERSION = YES_AGGRESSIVE;
				CLANG_CXX_LANGUAGE_STANDARD = "gnu++0x";
				CLANG_CXX_LIBRARY = "libc++";
				CLANG_ENABLE_MODULES = YES;
				CLANG_ENABLE_OBJC_ARC = YES;
				CLANG_WARN_BOOL_CONVERSION = YES;
				CLANG_WARN_CONSTANT_CONVERSION = YES;
				CLANG_WARN_DIRECT_OBJC_ISA_USAGE = YES_ERROR;
				CLANG_WARN_DOCUMENTATION_COMMENTS = YES;
				CLANG_WARN_EMPTY_BODY = YES;
				CLANG_WARN_ENUM_CONVERSION = YES;
				CLANG_WARN_INFINITE_RECURSION = YES;
				CLANG_WARN_INT_CONVERSION = YES;
				CLANG_WARN_OBJC_ROOT_CLASS = YES_ERROR;
				CLANG_WARN_SUSPICIOUS_MOVE = YES;
				CLANG_WARN_UNREACHABLE_CODE = YES;
				CLANG_WARN__DUPLICATE_METHOD_MATCH = YES;
				"CODE_SIGN_IDENTITY[sdk=iphoneos*]" = "iPhone Developer";
				COPY_PHASE_STRIP = NO;
				DEBUG_INFORMATION_FORMAT = dwarf;
				ENABLE_STRICT_OBJC_MSGSEND = YES;
				ENABLE_TESTABILITY = YES;
				GCC_C_LANGUAGE_STANDARD = gnu99;
				GCC_DYNAMIC_NO_PIC = NO;
				GCC_NO_COMMON_BLOCKS = YES;
				GCC_OPTIMIZATION_LEVEL = 0;
				GCC_PREPROCESSOR_DEFINITIONS = (
					"DEBUG=1",
					"$(inherited)",
				);
				GCC_WARN_64_TO_32_BIT_CONVERSION = YES;
				GCC_WARN_ABOUT_RETURN_TYPE = YES_ERROR;
				GCC_WARN_UNDECLARED_SELECTOR = YES;
				GCC_WARN_UNINITIALIZED_AUTOS = YES_AGGRESSIVE;
				GCC_WARN_UNUSED_FUNCTION = YES;
				GCC_WARN_UNUSED_VARIABLE = YES;
				IPHONEOS_DEPLOYMENT_TARGET = 10.3;
				MTL_ENABLE_DEBUG_INFO = YES;
				ONLY_ACTIVE_ARCH = YES;
				SDKROOT = iphoneos;
				SWIFT_ACTIVE_COMPILATION_CONDITIONS = DEBUG;
				SWIFT_OPTIMIZATION_LEVEL = "-Onone";
			};
			name = Debug;
		};
		4B5B18C01F3BFEFD00733582 /* Release */ = {
			isa = XCBuildConfiguration;
			buildSettings = {
				ALWAYS_SEARCH_USER_PATHS = NO;
				CLANG_ANALYZER_NONNULL = YES;
				CLANG_ANALYZER_NUMBER_OBJECT_CONVERSION = YES_AGGRESSIVE;
				CLANG_CXX_LANGUAGE_STANDARD = "gnu++0x";
				CLANG_CXX_LIBRARY = "libc++";
				CLANG_ENABLE_MODULES = YES;
				CLANG_ENABLE_OBJC_ARC = YES;
				CLANG_WARN_BOOL_CONVERSION = YES;
				CLANG_WARN_CONSTANT_CONVERSION = YES;
				CLANG_WARN_DIRECT_OBJC_ISA_USAGE = YES_ERROR;
				CLANG_WARN_DOCUMENTATION_COMMENTS = YES;
				CLANG_WARN_EMPTY_BODY = YES;
				CLANG_WARN_ENUM_CONVERSION = YES;
				CLANG_WARN_INFINITE_RECURSION = YES;
				CLANG_WARN_INT_CONVERSION = YES;
				CLANG_WARN_OBJC_ROOT_CLASS = YES_ERROR;
				CLANG_WARN_SUSPICIOUS_MOVE = YES;
				CLANG_WARN_UNREACHABLE_CODE = YES;
				CLANG_WARN__DUPLICATE_METHOD_MATCH = YES;
				"CODE_SIGN_IDENTITY[sdk=iphoneos*]" = "iPhone Developer";
				COPY_PHASE_STRIP = NO;
				DEBUG_INFORMATION_FORMAT = "dwarf-with-dsym";
				ENABLE_NS_ASSERTIONS = NO;
				ENABLE_STRICT_OBJC_MSGSEND = YES;
				GCC_C_LANGUAGE_STANDARD = gnu99;
				GCC_NO_COMMON_BLOCKS = YES;
				GCC_WARN_64_TO_32_BIT_CONVERSION = YES;
				GCC_WARN_ABOUT_RETURN_TYPE = YES_ERROR;
				GCC_WARN_UNDECLARED_SELECTOR = YES;
				GCC_WARN_UNINITIALIZED_AUTOS = YES_AGGRESSIVE;
				GCC_WARN_UNUSED_FUNCTION = YES;
				GCC_WARN_UNUSED_VARIABLE = YES;
				IPHONEOS_DEPLOYMENT_TARGET = 10.3;
				MTL_ENABLE_DEBUG_INFO = NO;
				SDKROOT = iphoneos;
				SWIFT_OPTIMIZATION_LEVEL = "-Owholemodule";
				VALIDATE_PRODUCT = YES;
			};
			name = Release;
		};
		4B5B18C21F3BFEFD00733582 /* Debug */ = {
			isa = XCBuildConfiguration;
			baseConfigurationReference = BB46CBB41101E964AE9D1E82 /* Pods-AwesomeWeatheriOS.debug.xcconfig */;
			buildSettings = {
				ASSETCATALOG_COMPILER_APPICON_NAME = AppIcon;
				DEVELOPMENT_TEAM = 72Q6E7W24X;
				FRAMEWORK_SEARCH_PATHS = "$(inherited)";
				INFOPLIST_FILE = AwesomeWeatheriOS/Info.plist;
				LD_RUNPATH_SEARCH_PATHS = "$(inherited) @executable_path/Frameworks";
				PRODUCT_BUNDLE_IDENTIFIER = com.awesome.weather.AwesomeWeatheriOS;
				PRODUCT_NAME = "$(TARGET_NAME)";
				SWIFT_VERSION = 3.0;
			};
			name = Debug;
		};
		4B5B18C31F3BFEFD00733582 /* Release */ = {
			isa = XCBuildConfiguration;
			baseConfigurationReference = E4489FD403CDEAE9B6D47A7F /* Pods-AwesomeWeatheriOS.release.xcconfig */;
			buildSettings = {
				ASSETCATALOG_COMPILER_APPICON_NAME = AppIcon;
				DEVELOPMENT_TEAM = 72Q6E7W24X;
				FRAMEWORK_SEARCH_PATHS = "$(inherited)";
				INFOPLIST_FILE = AwesomeWeatheriOS/Info.plist;
				LD_RUNPATH_SEARCH_PATHS = "$(inherited) @executable_path/Frameworks";
				PRODUCT_BUNDLE_IDENTIFIER = com.awesome.weather.AwesomeWeatheriOS;
				PRODUCT_NAME = "$(TARGET_NAME)";
				SWIFT_VERSION = 3.0;
			};
			name = Release;
		};
/* End XCBuildConfiguration section */

/* Begin XCConfigurationList section */
		4B5B18AA1F3BFEFD00733582 /* Build configuration list for PBXProject "AwesomeWeatheriOS" */ = {
			isa = XCConfigurationList;
			buildConfigurations = (
				4B5B18BF1F3BFEFD00733582 /* Debug */,
				4B5B18C01F3BFEFD00733582 /* Release */,
			);
			defaultConfigurationIsVisible = 0;
			defaultConfigurationName = Release;
		};
		4B5B18C11F3BFEFD00733582 /* Build configuration list for PBXNativeTarget "AwesomeWeatheriOS" */ = {
			isa = XCConfigurationList;
			buildConfigurations = (
				4B5B18C21F3BFEFD00733582 /* Debug */,
				4B5B18C31F3BFEFD00733582 /* Release */,
			);
			defaultConfigurationIsVisible = 0;
			defaultConfigurationName = Release;
		};
/* End XCConfigurationList section */
	};
	rootObject = 4B5B18A71F3BFEFD00733582 /* Project object */;
}
